
Microsoft Visual Studio Solution File, Format Version 12.00
# Visual Studio Version 16
VisualStudioVersion = 16.0.31605.320
MinimumVisualStudioVersion = 10.0.40219.1
Project("{FAE04EC0-301F-11D3-BF4B-00C04F79EFBC}") = "BattleAnimalsImproved", "BattleAnimalsImproved.csproj", "{2AAADB28-94E4-41E7-9EBD-22E7582FD256}"
EndProject
Global
	GlobalSection(SolutionConfigurationPlatforms) = preSolution
		Debug|Any CPU = Debug|Any CPU
		Release|Any CPU = Release|Any CPU
	EndGlobalSection
	GlobalSection(ProjectConfigurationPlatforms) = postSolution
		{2AAADB28-94E4-41E7-9EBD-22E7582FD256}.Debug|Any CPU.ActiveCfg = Debug|Any CPU
		{2AAADB28-94E4-41E7-9EBD-22E7582FD256}.Debug|Any CPU.Build.0 = Debug|Any CPU
		{2AAADB28-94E4-41E7-9EBD-22E7582FD256}.Release|Any CPU.ActiveCfg = Release|Any CPU
		{2AAADB28-94E4-41E7-9EBD-22E7582FD256}.Release|Any CPU.Build.0 = Release|Any CPU
	EndGlobalSection
	GlobalSection(SolutionProperties) = preSolution
		HideSolutionNode = FALSE
	EndGlobalSection
	GlobalSection(ExtensibilityGlobals) = postSolution
		SolutionGuid = {FE22EE8F-85F8-44C4-9299-2DB884C605FD}
	EndGlobalSection
EndGlobal
